
Microsoft Visual Studio Solution File, Format Version 12.00
# Visual Studio Version 16
VisualStudioVersion = 16.0.33423.256
MinimumVisualStudioVersion = 10.0.40219.1
Project("{FAE04EC0-301F-11D3-BF4B-00C04F79EFBC}") = "ValhemModUpdate", "ValhemModUpdate.csproj", "{5DC16275-4B18-4149-840F-7868EFC000F5}"
EndProject
Global
	GlobalSection(SolutionConfigurationPlatforms) = preSolution
		Debug|Any CPU = Debug|Any CPU
		Release|Any CPU = Release|Any CPU
	EndGlobalSection
	GlobalSection(ProjectConfigurationPlatforms) = postSolution
		{5DC16275-4B18-4149-840F-7868EFC000F5}.Debug|Any CPU.ActiveCfg = Debug|Any CPU
		{5DC16275-4B18-4149-840F-7868EFC000F5}.Debug|Any CPU.Build.0 = Debug|Any CPU
		{5DC16275-4B18-4149-840F-7868EFC000F5}.Release|Any CPU.ActiveCfg = Release|Any CPU
		{5DC16275-4B18-4149-840F-7868EFC000F5}.Release|Any CPU.Build.0 = Release|Any CPU
	EndGlobalSection
	GlobalSection(SolutionProperties) = preSolution
		HideSolutionNode = FALSE
	EndGlobalSection
	GlobalSection(ExtensibilityGlobals) = postSolution
		SolutionGuid = {8DEDDBC1-2295-463C-8C8B-884CD04CB368}
	EndGlobalSection
EndGlobal
